
Microsoft Visual Studio Solution File, Format Version 12.00
# Visual Studio Version 16
VisualStudioVersion = 16.0.32002.261
MinimumVisualStudioVersion = 10.0.40219.1
Project("{FAE04EC0-301F-11D3-BF4B-00C04F79EFBC}") = "BulkyBookWeb", "BulkyBookWeb\BulkyBookWeb.csproj", "{ACEFD595-A018-4D8F-A969-9245B609FDA8}"
EndProject
Global
	GlobalSection(SolutionConfigurationPlatforms) = preSolution
		Debug|Any CPU = Debug|Any CPU
		Release|Any CPU = Release|Any CPU
	EndGlobalSection
	GlobalSection(ProjectConfigurationPlatforms) = postSolution
		{ACEFD595-A018-4D8F-A969-9245B609FDA8}.Debug|Any CPU.ActiveCfg = Debug|Any CPU
		{ACEFD595-A018-4D8F-A969-9245B609FDA8}.Debug|Any CPU.Build.0 = Debug|Any CPU
		{ACEFD595-A018-4D8F-A969-9245B609FDA8}.Release|Any CPU.ActiveCfg = Release|Any CPU
		{ACEFD595-A018-4D8F-A969-9245B609FDA8}.Release|Any CPU.Build.0 = Release|Any CPU
	EndGlobalSection
	GlobalSection(SolutionProperties) = preSolution
		HideSolutionNode = FALSE
	EndGlobalSection
	GlobalSection(ExtensibilityGlobals) = postSolution
		SolutionGuid = {7BA3A93F-5D09-43E8-94D1-928D0605B7EC}
	EndGlobalSection
EndGlobal
